
Microsoft Visual Studio Solution File, Format Version 12.00
# Visual Studio Version 17
VisualStudioVersion = 17.5.002.0
MinimumVisualStudioVersion = 10.0.40219.1
Project("{9A19103F-16F7-4668-BE54-9A1E7A4F7556}") = "BlogWeb.Application", "BlogWeb.Application\BlogWeb.Application.csproj", "{97C9E3CF-22F1-4CB8-8912-ECB56B89895D}"
EndProject
Project("{9A19103F-16F7-4668-BE54-9A1E7A4F7556}") = "BlogWeb.Domain", "BlogWeb.Domain\BlogWeb.Domain.csproj", "{50B9304A-F347-4CCE-B937-DB2A88CBAB4B}"
EndProject
Project("{9A19103F-16F7-4668-BE54-9A1E7A4F7556}") = "BlogWeb.Api", "BlogWeb.Api\BlogWeb.Api.csproj", "{3B317EC9-CEDB-4E14-9FDE-578DD36B4371}"
EndProject
Project("{9A19103F-16F7-4668-BE54-9A1E7A4F7556}") = "BlogWeb.Presentation", "BlogWeb.Presentation\BlogWeb.Presentation.csproj", "{7FFDD8F1-5B31-4104-B38A-301CC6ADCB01}"
EndProject
Project("{9A19103F-16F7-4668-BE54-9A1E7A4F7556}") = "BlogWeb.Infrastructure", "BlogWeb.Infrastructure\BlogWeb.Infrastructure.csproj", "{379B03DA-1813-45A1-8C84-5868323006CD}"
EndProject
Global
	GlobalSection(SolutionConfigurationPlatforms) = preSolution
		Debug|Any CPU = Debug|Any CPU
		Release|Any CPU = Release|Any CPU
	EndGlobalSection
	GlobalSection(ProjectConfigurationPlatforms) = postSolution
		{97C9E3CF-22F1-4CB8-8912-ECB56B89895D}.Debug|Any CPU.ActiveCfg = Debug|Any CPU
		{97C9E3CF-22F1-4CB8-8912-ECB56B89895D}.Debug|Any CPU.Build.0 = Debug|Any CPU
		{97C9E3CF-22F1-4CB8-8912-ECB56B89895D}.Release|Any CPU.ActiveCfg = Release|Any CPU
		{97C9E3CF-22F1-4CB8-8912-ECB56B89895D}.Release|Any CPU.Build.0 = Release|Any CPU
		{50B9304A-F347-4CCE-B937-DB2A88CBAB4B}.Debug|Any CPU.ActiveCfg = Debug|Any CPU
		{50B9304A-F347-4CCE-B937-DB2A88CBAB4B}.Debug|Any CPU.Build.0 = Debug|Any CPU
		{50B9304A-F347-4CCE-B937-DB2A88CBAB4B}.Release|Any CPU.ActiveCfg = Release|Any CPU
		{50B9304A-F347-4CCE-B937-DB2A88CBAB4B}.Release|Any CPU.Build.0 = Release|Any CPU
		{3B317EC9-CEDB-4E14-9FDE-578DD36B4371}.Debug|Any CPU.ActiveCfg = Debug|Any CPU
		{3B317EC9-CEDB-4E14-9FDE-578DD36B4371}.Debug|Any CPU.Build.0 = Debug|Any CPU
		{3B317EC9-CEDB-4E14-9FDE-578DD36B4371}.Release|Any CPU.ActiveCfg = Release|Any CPU
		{3B317EC9-CEDB-4E14-9FDE-578DD36B4371}.Release|Any CPU.Build.0 = Release|Any CPU
		{7FFDD8F1-5B31-4104-B38A-301CC6ADCB01}.Debug|Any CPU.ActiveCfg = Debug|Any CPU
		{7FFDD8F1-5B31-4104-B38A-301CC6ADCB01}.Debug|Any CPU.Build.0 = Debug|Any CPU
		{7FFDD8F1-5B31-4104-B38A-301CC6ADCB01}.Release|Any CPU.ActiveCfg = Release|Any CPU
		{7FFDD8F1-5B31-4104-B38A-301CC6ADCB01}.Release|Any CPU.Build.0 = Release|Any CPU
		{379B03DA-1813-45A1-8C84-5868323006CD}.Debug|Any CPU.ActiveCfg = Debug|Any CPU
		{379B03DA-1813-45A1-8C84-5868323006CD}.Debug|Any CPU.Build.0 = Debug|Any CPU
		{379B03DA-1813-45A1-8C84-5868323006CD}.Release|Any CPU.ActiveCfg = Release|Any CPU
		{379B03DA-1813-45A1-8C84-5868323006CD}.Release|Any CPU.Build.0 = Release|Any CPU
	EndGlobalSection
	GlobalSection(SolutionProperties) = preSolution
		HideSolutionNode = FALSE
	EndGlobalSection
	GlobalSection(ExtensibilityGlobals) = postSolution
		SolutionGuid = {3F45DD5C-933C-4BE7-895D-215F814BBFE1}
	EndGlobalSection
EndGlobal
